{
  "name": "excel2json-wasm",
  "version": "1.0.2",
  "lockfileVersion": 2,
  "requires": true,
  "packages": {
    "": {
      "name": "excel2json-wasm",
      "version": "1.0.2",
      "license": "MIT",
      "dependencies": {
        "fast-text-encoding": "^1.0.0"
      },
      "devDependencies": {
        "rollup": "^1.1.2"
      }
    },
    "node_modules/@types/estree": {
      "version": "0.0.39",
      "resolved": "https://registry.npmjs.org/@types/estree/-/estree-0.0.39.tgz",
      "integrity": "sha512-EYNwp3bU+98cpU4lAWYYL7Zz+2gryWH1qbdDTidVd6hkiR6weksdbMadyXKXNPEkQFhXM+hVO9ZygomHXp+AIw==",
      "dev": true
    },
    "node_modules/@types/node": {
      "version": "11.9.3",
      "resolved": "https://registry.npmjs.org/@types/node/-/node-11.9.3.tgz",
      "integrity": "sha512-DMiqG51GwES/c4ScBY0u5bDlH44+oY8AeYHjY1SGCWidD7h08o1dfHue/TGK7REmif2KiJzaUskO+Q0eaeZ2fQ==",
      "dev": true
    },
    "node_modules/acorn": {
      "version": "6.4.2",
      "resolved": "https://registry.npmjs.org/acorn/-/acorn-6.4.2.tgz",
      "integrity": "sha512-XtGIhXwF8YM8bJhGxG5kXgjkEuNGLTkoYqVE+KMR+aspr4KGYmKYg7yUe3KghyQ9yheNwLnjmzh/7+gfDBmHCQ==",
      "dev": true,
      "bin": {
        "acorn": "bin/acorn"
      },
      "engines": {
        "node": ">=0.4.0"
      }
    },
    "node_modules/fast-text-encoding": {
      "version": "1.0.0",
      "resolved": "https://registry.npmjs.org/fast-text-encoding/-/fast-text-encoding-1.0.0.tgz",
      "integrity": "sha512-R9bHCvweUxxwkDwhjav5vxpFvdPGlVngtqmx4pIZfSUhM/Q4NiIUHB456BAf+Q1Nwu3HEZYONtu+Rya+af4jiQ=="
    },
    "node_modules/rollup": {
      "version": "1.1.2",
      "resolved": "https://registry.npmjs.org/rollup/-/rollup-1.1.2.tgz",
      "integrity": "sha512-OkdMxqMl8pWoQc5D8y1cIinYQPPLV8ZkfLgCzL6SytXeNA2P7UHynEQXI9tYxuAjAMsSyvRaWnyJDLHMxq0XAg==",
      "dev": true,
      "dependencies": {
        "@types/estree": "0.0.39",
        "@types/node": "*",
        "acorn": "^6.0.5"
      },
      "bin": {
        "rollup": "bin/rollup"
      }
    }
  },
  "dependencies": {
    "@types/estree": {
      "version": "0.0.39",
      "resolved": "https://registry.npmjs.org/@types/estree/-/estree-0.0.39.tgz",
      "integrity": "sha512-EYNwp3bU+98cpU4lAWYYL7Zz+2gryWH1qbdDTidVd6hkiR6weksdbMadyXKXNPEkQFhXM+hVO9ZygomHXp+AIw==",
      "dev": true
    },
    "@types/node": {
      "version": "11.9.3",
      "resolved": "https://registry.npmjs.org/@types/node/-/node-11.9.3.tgz",
      "integrity": "sha512-DMiqG51GwES/c4ScBY0u5bDlH44+oY8AeYHjY1SGCWidD7h08o1dfHue/TGK7REmif2KiJzaUskO+Q0eaeZ2fQ==",
      "dev": true
    },
    "acorn": {
      "version": "6.4.2",
      "resolved": "https://registry.npmjs.org/acorn/-/acorn-6.4.2.tgz",
      "integrity": "sha512-XtGIhXwF8YM8bJhGxG5kXgjkEuNGLTkoYqVE+KMR+aspr4KGYmKYg7yUe3KghyQ9yheNwLnjmzh/7+gfDBmHCQ==",
      "dev": true
    },
    "fast-text-encoding": {
      "version": "1.0.0",
      "resolved": "https://registry.npmjs.org/fast-text-encoding/-/fast-text-encoding-1.0.0.tgz",
      "integrity": "sha512-R9bHCvweUxxwkDwhjav5vxpFvdPGlVngtqmx4pIZfSUhM/Q4NiIUHB456BAf+Q1Nwu3HEZYONtu+Rya+af4jiQ=="
    },
    "rollup": {
      "version": "1.1.2",
      "resolved": "https://registry.npmjs.org/rollup/-/rollup-1.1.2.tgz",
      "integrity": "sha512-OkdMxqMl8pWoQc5D8y1cIinYQPPLV8ZkfLgCzL6SytXeNA2P7UHynEQXI9tYxuAjAMsSyvRaWnyJDLHMxq0XAg==",
      "dev": true,
      "requires": {
        "@types/estree": "0.0.39",
        "@types/node": "*",
        "acorn": "^6.0.5"
      }
    }
  }
}
