# THIS IS AN AUTOGENERATED FILE. DO NOT EDIT THIS FILE DIRECTLY.
# yarn lockfile v1


"@esbuild/android-arm64@0.18.20":
  version "0.18.20"
  resolved "https://registry.yarnpkg.com/@esbuild/android-arm64/-/android-arm64-0.18.20.tgz#984b4f9c8d0377443cc2dfcef266d02244593622"
  integrity sha512-Nz4rJcchGDtENV0eMKUNa6L12zz2zBDXuhj/Vjh18zGqB44Bi7MBMSXjgunJgjRhCmKOjnPuZp4Mb6OKqtMHLQ==

"@esbuild/android-arm@0.18.20":
  version "0.18.20"
  resolved "https://registry.yarnpkg.com/@esbuild/android-arm/-/android-arm-0.18.20.tgz#fedb265bc3a589c84cc11f810804f234947c3682"
  integrity sha512-fyi7TDI/ijKKNZTUJAQqiG5T7YjJXgnzkURqmGj13C6dCqckZBLdl4h7bkhHt/t0WP+zO9/zwroDvANaOqO5Sw==

"@esbuild/android-x64@0.18.20":
  version "0.18.20"
  resolved "https://registry.yarnpkg.com/@esbuild/android-x64/-/android-x64-0.18.20.tgz#35cf419c4cfc8babe8893d296cd990e9e9f756f2"
  integrity sha512-8GDdlePJA8D6zlZYJV/jnrRAi6rOiNaCC/JclcXpB+KIuvfBN4owLtgzY2bsxnx666XjJx2kDPUmnTtR8qKQUg==

"@esbuild/darwin-arm64@0.18.20":
  version "0.18.20"
  resolved "https://registry.yarnpkg.com/@esbuild/darwin-arm64/-/darwin-arm64-0.18.20.tgz#08172cbeccf95fbc383399a7f39cfbddaeb0d7c1"
  integrity sha512-bxRHW5kHU38zS2lPTPOyuyTm+S+eobPUnTNkdJEfAddYgEcll4xkT8DB9d2008DtTbl7uJag2HuE5NZAZgnNEA==

"@esbuild/darwin-x64@0.18.20":
  version "0.18.20"
  resolved "https://registry.yarnpkg.com/@esbuild/darwin-x64/-/darwin-x64-0.18.20.tgz#d70d5790d8bf475556b67d0f8b7c5bdff053d85d"
  integrity sha512-pc5gxlMDxzm513qPGbCbDukOdsGtKhfxD1zJKXjCCcU7ju50O7MeAZ8c4krSJcOIJGFR+qx21yMMVYwiQvyTyQ==

"@esbuild/freebsd-arm64@0.18.20":
  version "0.18.20"
  resolved "https://registry.yarnpkg.com/@esbuild/freebsd-arm64/-/freebsd-arm64-0.18.20.tgz#98755cd12707f93f210e2494d6a4b51b96977f54"
  integrity sha512-yqDQHy4QHevpMAaxhhIwYPMv1NECwOvIpGCZkECn8w2WFHXjEwrBn3CeNIYsibZ/iZEUemj++M26W3cNR5h+Tw==

"@esbuild/freebsd-x64@0.18.20":
  version "0.18.20"
  resolved "https://registry.yarnpkg.com/@esbuild/freebsd-x64/-/freebsd-x64-0.18.20.tgz#c1eb2bff03915f87c29cece4c1a7fa1f423b066e"
  integrity sha512-tgWRPPuQsd3RmBZwarGVHZQvtzfEBOreNuxEMKFcd5DaDn2PbBxfwLcj4+aenoh7ctXcbXmOQIn8HI6mCSw5MQ==

"@esbuild/linux-arm64@0.18.20":
  version "0.18.20"
  resolved "https://registry.yarnpkg.com/@esbuild/linux-arm64/-/linux-arm64-0.18.20.tgz#bad4238bd8f4fc25b5a021280c770ab5fc3a02a0"
  integrity sha512-2YbscF+UL7SQAVIpnWvYwM+3LskyDmPhe31pE7/aoTMFKKzIc9lLbyGUpmmb8a8AixOL61sQ/mFh3jEjHYFvdA==

"@esbuild/linux-arm@0.18.20":
  version "0.18.20"
  resolved "https://registry.yarnpkg.com/@esbuild/linux-arm/-/linux-arm-0.18.20.tgz#3e617c61f33508a27150ee417543c8ab5acc73b0"
  integrity sha512-/5bHkMWnq1EgKr1V+Ybz3s1hWXok7mDFUMQ4cG10AfW3wL02PSZi5kFpYKrptDsgb2WAJIvRcDm+qIvXf/apvg==

"@esbuild/linux-ia32@0.18.20":
  version "0.18.20"
  resolved "https://registry.yarnpkg.com/@esbuild/linux-ia32/-/linux-ia32-0.18.20.tgz#699391cccba9aee6019b7f9892eb99219f1570a7"
  integrity sha512-P4etWwq6IsReT0E1KHU40bOnzMHoH73aXp96Fs8TIT6z9Hu8G6+0SHSw9i2isWrD2nbx2qo5yUqACgdfVGx7TA==

"@esbuild/linux-loong64@0.18.20":
  version "0.18.20"
  resolved "https://registry.yarnpkg.com/@esbuild/linux-loong64/-/linux-loong64-0.18.20.tgz#e6fccb7aac178dd2ffb9860465ac89d7f23b977d"
  integrity sha512-nXW8nqBTrOpDLPgPY9uV+/1DjxoQ7DoB2N8eocyq8I9XuqJ7BiAMDMf9n1xZM9TgW0J8zrquIb/A7s3BJv7rjg==

"@esbuild/linux-mips64el@0.18.20":
  version "0.18.20"
  resolved "https://registry.yarnpkg.com/@esbuild/linux-mips64el/-/linux-mips64el-0.18.20.tgz#eeff3a937de9c2310de30622a957ad1bd9183231"
  integrity sha512-d5NeaXZcHp8PzYy5VnXV3VSd2D328Zb+9dEq5HE6bw6+N86JVPExrA6O68OPwobntbNJ0pzCpUFZTo3w0GyetQ==

"@esbuild/linux-ppc64@0.18.20":
  version "0.18.20"
  resolved "https://registry.yarnpkg.com/@esbuild/linux-ppc64/-/linux-ppc64-0.18.20.tgz#2f7156bde20b01527993e6881435ad79ba9599fb"
  integrity sha512-WHPyeScRNcmANnLQkq6AfyXRFr5D6N2sKgkFo2FqguP44Nw2eyDlbTdZwd9GYk98DZG9QItIiTlFLHJHjxP3FA==

"@esbuild/linux-riscv64@0.18.20":
  version "0.18.20"
  resolved "https://registry.yarnpkg.com/@esbuild/linux-riscv64/-/linux-riscv64-0.18.20.tgz#6628389f210123d8b4743045af8caa7d4ddfc7a6"
  integrity sha512-WSxo6h5ecI5XH34KC7w5veNnKkju3zBRLEQNY7mv5mtBmrP/MjNBCAlsM2u5hDBlS3NGcTQpoBvRzqBcRtpq1A==

"@esbuild/linux-s390x@0.18.20":
  version "0.18.20"
  resolved "https://registry.yarnpkg.com/@esbuild/linux-s390x/-/linux-s390x-0.18.20.tgz#255e81fb289b101026131858ab99fba63dcf0071"
  integrity sha512-+8231GMs3mAEth6Ja1iK0a1sQ3ohfcpzpRLH8uuc5/KVDFneH6jtAJLFGafpzpMRO6DzJ6AvXKze9LfFMrIHVQ==

"@esbuild/linux-x64@0.18.20":
  version "0.18.20"
  resolved "https://registry.yarnpkg.com/@esbuild/linux-x64/-/linux-x64-0.18.20.tgz#c7690b3417af318a9b6f96df3031a8865176d338"
  integrity sha512-UYqiqemphJcNsFEskc73jQ7B9jgwjWrSayxawS6UVFZGWrAAtkzjxSqnoclCXxWtfwLdzU+vTpcNYhpn43uP1w==

"@esbuild/netbsd-x64@0.18.20":
  version "0.18.20"
  resolved "https://registry.yarnpkg.com/@esbuild/netbsd-x64/-/netbsd-x64-0.18.20.tgz#30e8cd8a3dded63975e2df2438ca109601ebe0d1"
  integrity sha512-iO1c++VP6xUBUmltHZoMtCUdPlnPGdBom6IrO4gyKPFFVBKioIImVooR5I83nTew5UOYrk3gIJhbZh8X44y06A==

"@esbuild/openbsd-x64@0.18.20":
  version "0.18.20"
  resolved "https://registry.yarnpkg.com/@esbuild/openbsd-x64/-/openbsd-x64-0.18.20.tgz#7812af31b205055874c8082ea9cf9ab0da6217ae"
  integrity sha512-e5e4YSsuQfX4cxcygw/UCPIEP6wbIL+se3sxPdCiMbFLBWu0eiZOJ7WoD+ptCLrmjZBK1Wk7I6D/I3NglUGOxg==

"@esbuild/sunos-x64@0.18.20":
  version "0.18.20"
  resolved "https://registry.yarnpkg.com/@esbuild/sunos-x64/-/sunos-x64-0.18.20.tgz#d5c275c3b4e73c9b0ecd38d1ca62c020f887ab9d"
  integrity sha512-kDbFRFp0YpTQVVrqUd5FTYmWo45zGaXe0X8E1G/LKFC0v8x0vWrhOWSLITcCn63lmZIxfOMXtCfti/RxN/0wnQ==

"@esbuild/win32-arm64@0.18.20":
  version "0.18.20"
  resolved "https://registry.yarnpkg.com/@esbuild/win32-arm64/-/win32-arm64-0.18.20.tgz#73bc7f5a9f8a77805f357fab97f290d0e4820ac9"
  integrity sha512-ddYFR6ItYgoaq4v4JmQQaAI5s7npztfV4Ag6NrhiaW0RrnOXqBkgwZLofVTlq1daVTQNhtI5oieTvkRPfZrePg==

"@esbuild/win32-ia32@0.18.20":
  version "0.18.20"
  resolved "https://registry.yarnpkg.com/@esbuild/win32-ia32/-/win32-ia32-0.18.20.tgz#ec93cbf0ef1085cc12e71e0d661d20569ff42102"
  integrity sha512-Wv7QBi3ID/rROT08SABTS7eV4hX26sVduqDOTe1MvGMjNd3EjOz4b7zeexIR62GTIEKrfJXKL9LFxTYgkyeu7g==

"@esbuild/win32-x64@0.18.20":
  version "0.18.20"
  resolved "https://registry.yarnpkg.com/@esbuild/win32-x64/-/win32-x64-0.18.20.tgz#786c5f41f043b07afb1af37683d7c33668858f6d"
  integrity sha512-kTdfRcSiDfQca/y9QIkng02avJ+NCaQvrMejlsB3RRv5sE9rRoeBPISaZpKxHELzRxZyLvNts1P27W3wV+8geQ==

"@rollup/plugin-virtual@^3.0.2":
  version "3.0.2"
  resolved "https://registry.yarnpkg.com/@rollup/plugin-virtual/-/plugin-virtual-3.0.2.tgz#17e17eeecb4c9fa1c0a6e72c9e5f66382fddbb82"
  integrity sha512-10monEYsBp3scM4/ND4LNH5Rxvh3e/cVeL3jWTgZ2SrQ+BmUoQcopVQvnaMcOnykb1VkxUFuDAN+0FnpTFRy2A==

"@swc/core-darwin-arm64@1.15.43":
  version "1.15.43"
  resolved "https://registry.yarnpkg.com/@swc/core-darwin-arm64/-/core-darwin-arm64-1.15.43.tgz#386294f8427dde2df1a70dd0a5826d67af70e996"
  integrity sha512-v1aVuvXdo/BHxJzco9V2xpHrvwWmhfS8t6gziY5wJxd+Z2h8AeJRnAwPD8itCDaGXVBwJ/CaKfxEzTkG0Va0OA==

"@swc/core-darwin-x64@1.15.43":
  version "1.15.43"
  resolved "https://registry.yarnpkg.com/@swc/core-darwin-x64/-/core-darwin-x64-1.15.43.tgz#c4823529c424e2ae25b7eb786438474741521fcb"
  integrity sha512-lp3d4Lamc8dt5huYdGLSR+9hLxmfr1jb0l+4XXG2zPqZwYWRN9R0U2qYoTrggiU2RWW0oV9VbWM3kBnqIc2kdQ==

"@swc/core-linux-arm-gnueabihf@1.15.43":
  version "1.15.43"
  resolved "https://registry.yarnpkg.com/@swc/core-linux-arm-gnueabihf/-/core-linux-arm-gnueabihf-1.15.43.tgz#c0a0ed17cffc5d4af192935667f12f05feeb39f9"
  integrity sha512-JWTQQELtsG5GgphDrr/XqqmM2pDN3cZqbMS0Mrg+iTiXL3F74sn/S2IyYE/5u4h2KLkTf9qQ7dXyxsbx7YzkeA==

"@swc/core-linux-arm64-gnu@1.15.43":
  version "1.15.43"
  resolved "https://registry.yarnpkg.com/@swc/core-linux-arm64-gnu/-/core-linux-arm64-gnu-1.15.43.tgz#1eb2d9c5eeee5bb9d00599b475ddc31dc2870d22"
  integrity sha512-B4otJRdPWIsmiSBf0uG7Z/+vMWmkufjz5MmYxubwKuZazDW14Zd3symga1N62QR4RT+kEFeHEgsXfZGyn/w0hw==

"@swc/core-linux-arm64-musl@1.15.43":
  version "1.15.43"
  resolved "https://registry.yarnpkg.com/@swc/core-linux-arm64-musl/-/core-linux-arm64-musl-1.15.43.tgz#ea6b5c38088f3921a57922d3931b2d74fd23a9fd"
  integrity sha512-6zB6OnpViBxYy4tgY3v2i6AZY9fwkcHZ032UOwtwUuW1d19sdT07qF0kZe6/3UR1tUaK6jjg2rmVcUIBCEYVjQ==

"@swc/core-linux-ppc64-gnu@1.15.43":
  version "1.15.43"
  resolved "https://registry.yarnpkg.com/@swc/core-linux-ppc64-gnu/-/core-linux-ppc64-gnu-1.15.43.tgz#538fac30bbd5f1e678bb7bac9ccc62246a6f6d7a"
  integrity sha512-coxE1ZWdB3uSDVNoEtYNrRi/1epvckZx9cTJ8ICUxTMTxGk+yvQ/Twacp3ruZSaMPGCriUjP86C37VhaT6nyRg==

"@swc/core-linux-s390x-gnu@1.15.43":
  version "1.15.43"
  resolved "https://registry.yarnpkg.com/@swc/core-linux-s390x-gnu/-/core-linux-s390x-gnu-1.15.43.tgz#ee564b45f3f578b1fc82136c4dab163189316641"
  integrity sha512-lXfLhs+LpBsD5inuYx+YDH5WsPPBQ95KPUiy8P5wq9ob9xKDZFqwNfU2QW6bGO8NqRO/H9JQomTSt5Yyh+FGfA==

"@swc/core-linux-x64-gnu@1.15.43":
  version "1.15.43"
  resolved "https://registry.yarnpkg.com/@swc/core-linux-x64-gnu/-/core-linux-x64-gnu-1.15.43.tgz#e6e3bfea76921c7f5e16d50a126615f2e04ce1c8"
  integrity sha512-07XnKwTmKy8TGOZG3D9fRnLWGynxPjwQnZLVmBFbo6F+7vHYzBIOuwXEhemrChBWb6yDNZsVCcMWCPX6FDD2xg==

"@swc/core-linux-x64-musl@1.15.43":
  version "1.15.43"
  resolved "https://registry.yarnpkg.com/@swc/core-linux-x64-musl/-/core-linux-x64-musl-1.15.43.tgz#539f6f2721c0cc32e5db5cf0d453c82045f6662d"
  integrity sha512-TJc+bsSIaBh+hZvZ5GRtW/K1bw66TJ9vsUwvVIsZdiWxU5ObLwZvfcnZ3UpgVfMnFibRes9uriJrQNBHEEogRQ==

"@swc/core-win32-arm64-msvc@1.15.43":
  version "1.15.43"
  resolved "https://registry.yarnpkg.com/@swc/core-win32-arm64-msvc/-/core-win32-arm64-msvc-1.15.43.tgz#b7bb6b611d484ac19d0ee21469e7012d646c28b5"
  integrity sha512-jfd7s2/bUQYkOHLs+LWQNKZdmDa8+sufKLllhpWAhVQ2GDCwsHe3vR/j+OSiItZNtkzFuaawa3+SAKz9y5gYfw==

"@swc/core-win32-ia32-msvc@1.15.43":
  version "1.15.43"
  resolved "https://registry.yarnpkg.com/@swc/core-win32-ia32-msvc/-/core-win32-ia32-msvc-1.15.43.tgz#e5b25722a7d27bb0c9a9bdee7863f29c8674364e"
  integrity sha512-rLAE8JvucqEW1ZGohxPQrQWPBQeJG4+ypKbWfdlU/qmKScvCkxf9/Jxnzki1dkUQCQ7P5Enp13RlvqOlvx/32g==

"@swc/core-win32-x64-msvc@1.15.43":
  version "1.15.43"
  resolved "https://registry.yarnpkg.com/@swc/core-win32-x64-msvc/-/core-win32-x64-msvc-1.15.43.tgz#d28842621201c345383d468d40c09648b6cd6e68"
  integrity sha512-h8MLDHZcfIukwQWj03rIJZx1I0E81AYj2X7J/nGErG4nz+QAv6G1Z+peotvinL3lqpbo32tLYSMFo32/ySzxKg==

"@swc/core@^1.12.14":
  version "1.15.43"
  resolved "https://registry.yarnpkg.com/@swc/core/-/core-1.15.43.tgz#653e6573968fd5c74163b9885ea0a933012c9f22"
  integrity sha512-1CuKjFkPxIgGdeHVuNbkxmBxkcbdc08u0aiI43pFq6yY1tTVKmXT9hFEooyyKs/sJ3xf1GPHyEwTtk9Xl8dvQw==
  dependencies:
    "@swc/counter" "^0.1.3"
    "@swc/types" "^0.1.27"
  optionalDependencies:
    "@swc/core-darwin-arm64" "1.15.43"
    "@swc/core-darwin-x64" "1.15.43"
    "@swc/core-linux-arm-gnueabihf" "1.15.43"
    "@swc/core-linux-arm64-gnu" "1.15.43"
    "@swc/core-linux-arm64-musl" "1.15.43"
    "@swc/core-linux-ppc64-gnu" "1.15.43"
    "@swc/core-linux-s390x-gnu" "1.15.43"
    "@swc/core-linux-x64-gnu" "1.15.43"
    "@swc/core-linux-x64-musl" "1.15.43"
    "@swc/core-win32-arm64-msvc" "1.15.43"
    "@swc/core-win32-ia32-msvc" "1.15.43"
    "@swc/core-win32-x64-msvc" "1.15.43"

"@swc/counter@^0.1.3":
  version "0.1.3"
  resolved "https://registry.yarnpkg.com/@swc/counter/-/counter-0.1.3.tgz#cc7463bd02949611c6329596fccd2b0ec782b0e9"
  integrity sha512-e2BR4lsJkkRlKZ/qCHPw9ZaSxc0MVUd7gtbtaB7aMvHeJVYe8sOB8DBZkP2DtISHGSku9sCK6T6cnY0CtXrOCQ==

"@swc/types@^0.1.27":
  version "0.1.27"
  resolved "https://registry.yarnpkg.com/@swc/types/-/types-0.1.27.tgz#12080b0c426dea450634f202d9a3c82ac396e793"
  integrity sha512-K6h3iUlqeM946U4sXFYeahefR1YBbXJvko+hv8WS8/0BNJ4OHiHRywMnQUJCqkR7Y9+hqQ1TvEpiKqUhz7NEFg==
  dependencies:
    "@swc/counter" "^0.1.3"

"@swc/wasm@^1.12.14":
  version "1.15.43"
  resolved "https://registry.yarnpkg.com/@swc/wasm/-/wasm-1.15.43.tgz#f5c6f520b0d9aa02bcb42871db3daf1e2c228554"
  integrity sha512-jYqeckrzZGAU+9OSfmL15MWfhkKWRCC8QMssL/MZu/MaIP76mU3VHjzqxlwKIz9DOSR/9jCqi1+QlWE0ILNehA==

esbuild@^0.18.10:
  version "0.18.20"
  resolved "https://registry.yarnpkg.com/esbuild/-/esbuild-0.18.20.tgz#4709f5a34801b43b799ab7d6d82f7284a9b7a7a6"
  integrity sha512-ceqxoedUrcayh7Y7ZX6NdbbDzGROiyVBgC4PriJThBKSVPWnnFHZAkfI1lJT8QFkOwH4qOS2SJkS4wvpGl8BpA==
  optionalDependencies:
    "@esbuild/android-arm" "0.18.20"
    "@esbuild/android-arm64" "0.18.20"
    "@esbuild/android-x64" "0.18.20"
    "@esbuild/darwin-arm64" "0.18.20"
    "@esbuild/darwin-x64" "0.18.20"
    "@esbuild/freebsd-arm64" "0.18.20"
    "@esbuild/freebsd-x64" "0.18.20"
    "@esbuild/linux-arm" "0.18.20"
    "@esbuild/linux-arm64" "0.18.20"
    "@esbuild/linux-ia32" "0.18.20"
    "@esbuild/linux-loong64" "0.18.20"
    "@esbuild/linux-mips64el" "0.18.20"
    "@esbuild/linux-ppc64" "0.18.20"
    "@esbuild/linux-riscv64" "0.18.20"
    "@esbuild/linux-s390x" "0.18.20"
    "@esbuild/linux-x64" "0.18.20"
    "@esbuild/netbsd-x64" "0.18.20"
    "@esbuild/openbsd-x64" "0.18.20"
    "@esbuild/sunos-x64" "0.18.20"
    "@esbuild/win32-arm64" "0.18.20"
    "@esbuild/win32-ia32" "0.18.20"
    "@esbuild/win32-x64" "0.18.20"

fsevents@~2.3.2:
  version "2.3.3"
  resolved "https://registry.yarnpkg.com/fsevents/-/fsevents-2.3.3.tgz#cac6407785d03675a2a5e1a5305c697b347d90d6"
  integrity sha512-5xoDfX+fL7faATnagmWPpbFtwh/R77WmMMqqHGS65C3vvB0YHrgF+B1YmZ3441tMj5n63k0212XNoJwzlhffQw==

nanoid@^3.3.12:
  version "3.3.15"
  resolved "https://registry.yarnpkg.com/nanoid/-/nanoid-3.3.15.tgz#36c490fad8c6e86c824c940dfdde999b69ed4316"
  integrity sha512-y7Wygv/7mEOvxTuEQDB8StXdMRBWf1kR/tlhAzBRUFkB2jfcLOAxO/SHmOO2zgz1pVgK29/kyupn059/bCHdjA==

picocolors@^1.1.1:
  version "1.1.1"
  resolved "https://registry.yarnpkg.com/picocolors/-/picocolors-1.1.1.tgz#3d321af3eab939b083c8f929a1d12cda81c26b6b"
  integrity sha512-xceH2snhtb5M9liqDsmEw56le376mTZkEX/jEb/RxNFyegNul7eNslCXP9FDj/Lcu0X8KEyMceP2ntpaHrDEVA==

postcss@^8.4.27:
  version "8.5.15"
  resolved "https://registry.yarnpkg.com/postcss/-/postcss-8.5.15.tgz#d1eaf677a324e9ec02196da2d3fecf4a0b9a735c"
  integrity sha512-FfR8sjd4em2T6fb3I2MwAJU7HWVMr9zba+enmQeeWFfCbm+UOC/0X4DS8XtpUTMwWMGbjKYP7xjfNekzyGmB3A==
  dependencies:
    nanoid "^3.3.12"
    picocolors "^1.1.1"
    source-map-js "^1.2.1"

rollup@^3.27.1:
  version "3.30.0"
  resolved "https://registry.yarnpkg.com/rollup/-/rollup-3.30.0.tgz#3fa506fee2c5ba9d540a38da87067376cd55966d"
  integrity sha512-kQvGasUgN+AlWGliFn2POSajRQEsULVYFGTvOZmK06d7vCD+YhZztt70kGk3qaeAXeWYL5eO7zx+rAubBc55eA==
  optionalDependencies:
    fsevents "~2.3.2"

source-map-js@^1.2.1:
  version "1.2.1"
  resolved "https://registry.yarnpkg.com/source-map-js/-/source-map-js-1.2.1.tgz#1ce5650fddd87abc099eda37dcff024c2667ae46"
  integrity sha512-UXWMKhLOwVKb728IUtQPXxfYU+usdybtUrK/8uGE8CQMvrhOpwvzDBwj0QhSL7MQc7vIsISBG8VQ8+IDQxpfQA==

uuid@10.0.0:
  version "10.0.0"
  resolved "https://registry.yarnpkg.com/uuid/-/uuid-10.0.0.tgz#5a95aa454e6e002725c79055fd42aaba30ca6294"
  integrity sha512-8XkAphELsDnEGrDxUOHB3RGvXz6TeuYSGEZBOjtTtPm2lwhGBjLgOzLHB63IUWfBpNucQjND6d3AOudO+H3RWQ==

vite-plugin-top-level-await@^1.3.0:
  version "1.6.0"
  resolved "https://registry.yarnpkg.com/vite-plugin-top-level-await/-/vite-plugin-top-level-await-1.6.0.tgz#c6ed0be438a1c14f48b4f9a56da859c12821a7c2"
  integrity sha512-bNhUreLamTIkoulCR9aDXbTbhLk6n1YE8NJUTTxl5RYskNRtzOR0ASzSjBVRtNdjIfngDXo11qOsybGLNsrdww==
  dependencies:
    "@rollup/plugin-virtual" "^3.0.2"
    "@swc/core" "^1.12.14"
    "@swc/wasm" "^1.12.14"
    uuid "10.0.0"

vite-plugin-wasm@^3.2.2:
  version "3.6.0"
  resolved "https://registry.yarnpkg.com/vite-plugin-wasm/-/vite-plugin-wasm-3.6.0.tgz#e67a544e22fffd4a6b5f925c47fd90a5530d277c"
  integrity sha512-mL/QPziiIA4RAA6DkaZZzOstdwbW5jO4Vz7Zenj0wieKWBlNvIvX5L5ljum9lcUX0ShNfBgCNLKTjNkRVVqcsw==

vite@^4.2.0:
  version "4.5.14"
  resolved "https://registry.yarnpkg.com/vite/-/vite-4.5.14.tgz#2e652bc1d898265d987d6543ce866ecd65fa4086"
  integrity sha512-+v57oAaoYNnO3hIu5Z/tJRZjq5aHM2zDve9YZ8HngVHbhk66RStobhb1sqPMIPEleV6cNKYK4eGrAbE9Ulbl2g==
  dependencies:
    esbuild "^0.18.10"
    postcss "^8.4.27"
    rollup "^3.27.1"
  optionalDependencies:
    fsevents "~2.3.2"
